
Microsoft Visual Studio Solution File, Format Version 12.00
# Visual Studio Version 17
VisualStudioVersion = 17.10.34916.146
MinimumVisualStudioVersion = 10.0.40219.1
Project("{FAE04EC0-301F-11D3-BF4B-00C04F79EFBC}") = "RevueCraftersExamPrep-2", "RevueCraftersExamPrep-2.csproj", "{A46A3B95-C107-42BE-BF24-23006234D473}"
EndProject
Global
	GlobalSection(SolutionConfigurationPlatforms) = preSolution
		Debug|Any CPU = Debug|Any CPU
		Release|Any CPU = Release|Any CPU
	EndGlobalSection
	GlobalSection(ProjectConfigurationPlatforms) = postSolution
		{A46A3B95-C107-42BE-BF24-23006234D473}.Debug|Any CPU.ActiveCfg = Debug|Any CPU
		{A46A3B95-C107-42BE-BF24-23006234D473}.Debug|Any CPU.Build.0 = Debug|Any CPU
		{A46A3B95-C107-42BE-BF24-23006234D473}.Release|Any CPU.ActiveCfg = Release|Any CPU
		{A46A3B95-C107-42BE-BF24-23006234D473}.Release|Any CPU.Build.0 = Release|Any CPU
	EndGlobalSection
	GlobalSection(SolutionProperties) = preSolution
		HideSolutionNode = FALSE
	EndGlobalSection
	GlobalSection(ExtensibilityGlobals) = postSolution
		SolutionGuid = {DC51E2E1-DD1D-4F04-B3B5-35F209F93C71}
	EndGlobalSection
EndGlobal
