
Microsoft Visual Studio Solution File, Format Version 12.00
# Visual Studio Version 17
VisualStudioVersion = 17.10.34916.146
MinimumVisualStudioVersion = 10.0.40219.1
Project("{FAE04EC0-301F-11D3-BF4B-00C04F79EFBC}") = "WebDriverWikiTest", "WebDriverWikiTest.csproj", "{363D04F9-AD60-498B-8AC8-CD03CF81C0A7}"
EndProject
Project("{FAE04EC0-301F-11D3-BF4B-00C04F79EFBC}") = "WikiNUnitProject", "..\WikiNUnitProject\WikiNUnitProject.csproj", "{E8398554-5AD5-495C-A33F-38FC300800FB}"
EndProject
Global
	GlobalSection(SolutionConfigurationPlatforms) = preSolution
		Debug|Any CPU = Debug|Any CPU
		Release|Any CPU = Release|Any CPU
	EndGlobalSection
	GlobalSection(ProjectConfigurationPlatforms) = postSolution
		{363D04F9-AD60-498B-8AC8-CD03CF81C0A7}.Debug|Any CPU.ActiveCfg = Debug|Any CPU
		{363D04F9-AD60-498B-8AC8-CD03CF81C0A7}.Debug|Any CPU.Build.0 = Debug|Any CPU
		{363D04F9-AD60-498B-8AC8-CD03CF81C0A7}.Release|Any CPU.ActiveCfg = Release|Any CPU
		{363D04F9-AD60-498B-8AC8-CD03CF81C0A7}.Release|Any CPU.Build.0 = Release|Any CPU
		{E8398554-5AD5-495C-A33F-38FC300800FB}.Debug|Any CPU.ActiveCfg = Debug|Any CPU
		{E8398554-5AD5-495C-A33F-38FC300800FB}.Debug|Any CPU.Build.0 = Debug|Any CPU
		{E8398554-5AD5-495C-A33F-38FC300800FB}.Release|Any CPU.ActiveCfg = Release|Any CPU
		{E8398554-5AD5-495C-A33F-38FC300800FB}.Release|Any CPU.Build.0 = Release|Any CPU
	EndGlobalSection
	GlobalSection(SolutionProperties) = preSolution
		HideSolutionNode = FALSE
	EndGlobalSection
	GlobalSection(ExtensibilityGlobals) = postSolution
		SolutionGuid = {E59E7896-8FC9-489A-B8FC-3D73001F87E1}
	EndGlobalSection
EndGlobal
